
Microsoft Visual Studio Solution File, Format Version 12.00
# Visual Studio Version 17
VisualStudioVersion = 17.2.32526.322
MinimumVisualStudioVersion = 10.0.40219.1
Project("{9A19103F-16F7-4668-BE54-9A1E7A4F7556}") = "Appli", "Projet-IHM\Appli.csproj", "{0AB4994D-7A30-4969-9230-94B30893A879}"
EndProject
Project("{9A19103F-16F7-4668-BE54-9A1E7A4F7556}") = "Modele", "Modele\Modele.csproj", "{39DFFFBB-578C-41AA-A958-E222086B6C09}"
EndProject
Project("{2150E333-8FDC-42A3-9474-1A3956D46DE8}") = "Tests", "Tests", "{E3A4CDAA-7F7E-4DD5-B258-2002A56ABBAA}"
EndProject
Project("{9A19103F-16F7-4668-BE54-9A1E7A4F7556}") = "Test_Produit", "Test_Produit\Test_Produit.csproj", "{73694733-01C4-4E63-9529-90AE58605AF6}"
EndProject
Project("{9A19103F-16F7-4668-BE54-9A1E7A4F7556}") = "Test_Config", "Test_Config\Test_Config.csproj", "{84229D71-A05A-4B1B-B67B-64C26F7A08F2}"
EndProject
Project("{2150E333-8FDC-42A3-9474-1A3956D46DE8}") = "Tests_unitaire", "Tests_unitaire", "{921AD79F-BE8B-4183-BCED-342D80ED5189}"
EndProject
Project("{9A19103F-16F7-4668-BE54-9A1E7A4F7556}") = "Test_U-Produit", "Test_U-Produit\Test_U-Produit.csproj", "{E50FAA18-522C-409F-A286-5927C0A90BBD}"
EndProject
Project("{9A19103F-16F7-4668-BE54-9A1E7A4F7556}") = "Test_ComposantPrincipaleOptionnel", "Test_ComposantPrincipale\Test_ComposantPrincipaleOptionnel.csproj", "{05E64FC8-DB3A-4617-8ADA-0A5AC9E6D1FB}"
EndProject
Project("{9A19103F-16F7-4668-BE54-9A1E7A4F7556}") = "Test_WhisList", "Test_WhisList\Test_WhisList.csproj", "{9993C4B5-FE7A-4876-A853-38D5ADADE707}"
EndProject
Project("{9A19103F-16F7-4668-BE54-9A1E7A4F7556}") = "Test_U-Manager", "Test_U-Manager\Test_U-Manager.csproj", "{6368B434-C337-4B58-9CF2-0607B4DF4C76}"
EndProject
Project("{9A19103F-16F7-4668-BE54-9A1E7A4F7556}") = "Persistance", "Persistance\Persistance.csproj", "{ACA70B3D-049C-487D-98D4-F5B4982AA489}"
EndProject
Project("{9A19103F-16F7-4668-BE54-9A1E7A4F7556}") = "Test_db1", "Test_db1\Test_db1.csproj", "{4C51516A-4177-4A08-A99F-7784EFC45E4F}"
EndProject
Project("{9A19103F-16F7-4668-BE54-9A1E7A4F7556}") = "Test_MainManager1", "Test_MainManager1\Test_MainManager1.csproj", "{D8E049AB-FAC7-4AD7-A568-C2122DEB0452}"
EndProject
Project("{9A19103F-16F7-4668-BE54-9A1E7A4F7556}") = "Test_Compatibilite_Linq", "Test_Compatibilite_Linq\Test_Compatibilite_Linq.csproj", "{0B16D819-4E7D-404C-A8F3-36B1D524CD4F}"
EndProject
Project("{FAE04EC0-301F-11D3-BF4B-00C04F79EFBC}") = "Test_U-Composant", "Test_U-Composant\Test_U-Composant.csproj", "{BE8EF39C-08F6-4785-8755-0E95DD9ED52C}"
EndProject
Global
	GlobalSection(SolutionConfigurationPlatforms) = preSolution
		Debug|Any CPU = Debug|Any CPU
		Release|Any CPU = Release|Any CPU
	EndGlobalSection
	GlobalSection(ProjectConfigurationPlatforms) = postSolution
		{0AB4994D-7A30-4969-9230-94B30893A879}.Debug|Any CPU.ActiveCfg = Debug|Any CPU
		{0AB4994D-7A30-4969-9230-94B30893A879}.Debug|Any CPU.Build.0 = Debug|Any CPU
		{0AB4994D-7A30-4969-9230-94B30893A879}.Release|Any CPU.ActiveCfg = Release|Any CPU
		{0AB4994D-7A30-4969-9230-94B30893A879}.Release|Any CPU.Build.0 = Release|Any CPU
		{39DFFFBB-578C-41AA-A958-E222086B6C09}.Debug|Any CPU.ActiveCfg = Debug|Any CPU
		{39DFFFBB-578C-41AA-A958-E222086B6C09}.Debug|Any CPU.Build.0 = Debug|Any CPU
		{39DFFFBB-578C-41AA-A958-E222086B6C09}.Release|Any CPU.ActiveCfg = Release|Any CPU
		{39DFFFBB-578C-41AA-A958-E222086B6C09}.Release|Any CPU.Build.0 = Release|Any CPU
		{73694733-01C4-4E63-9529-90AE58605AF6}.Debug|Any CPU.ActiveCfg = Debug|Any CPU
		{73694733-01C4-4E63-9529-90AE58605AF6}.Debug|Any CPU.Build.0 = Debug|Any CPU
		{73694733-01C4-4E63-9529-90AE58605AF6}.Release|Any CPU.ActiveCfg = Release|Any CPU
		{73694733-01C4-4E63-9529-90AE58605AF6}.Release|Any CPU.Build.0 = Release|Any CPU
		{84229D71-A05A-4B1B-B67B-64C26F7A08F2}.Debug|Any CPU.ActiveCfg = Debug|Any CPU
		{84229D71-A05A-4B1B-B67B-64C26F7A08F2}.Debug|Any CPU.Build.0 = Debug|Any CPU
		{84229D71-A05A-4B1B-B67B-64C26F7A08F2}.Release|Any CPU.ActiveCfg = Release|Any CPU
		{84229D71-A05A-4B1B-B67B-64C26F7A08F2}.Release|Any CPU.Build.0 = Release|Any CPU
		{E50FAA18-522C-409F-A286-5927C0A90BBD}.Debug|Any CPU.ActiveCfg = Debug|Any CPU
		{E50FAA18-522C-409F-A286-5927C0A90BBD}.Debug|Any CPU.Build.0 = Debug|Any CPU
		{E50FAA18-522C-409F-A286-5927C0A90BBD}.Release|Any CPU.ActiveCfg = Release|Any CPU
		{E50FAA18-522C-409F-A286-5927C0A90BBD}.Release|Any CPU.Build.0 = Release|Any CPU
		{05E64FC8-DB3A-4617-8ADA-0A5AC9E6D1FB}.Debug|Any CPU.ActiveCfg = Debug|Any CPU
		{05E64FC8-DB3A-4617-8ADA-0A5AC9E6D1FB}.Debug|Any CPU.Build.0 = Debug|Any CPU
		{05E64FC8-DB3A-4617-8ADA-0A5AC9E6D1FB}.Release|Any CPU.ActiveCfg = Release|Any CPU
		{05E64FC8-DB3A-4617-8ADA-0A5AC9E6D1FB}.Release|Any CPU.Build.0 = Release|Any CPU
		{9993C4B5-FE7A-4876-A853-38D5ADADE707}.Debug|Any CPU.ActiveCfg = Debug|Any CPU
		{9993C4B5-FE7A-4876-A853-38D5ADADE707}.Debug|Any CPU.Build.0 = Debug|Any CPU
		{9993C4B5-FE7A-4876-A853-38D5ADADE707}.Release|Any CPU.ActiveCfg = Release|Any CPU
		{9993C4B5-FE7A-4876-A853-38D5ADADE707}.Release|Any CPU.Build.0 = Release|Any CPU
		{6368B434-C337-4B58-9CF2-0607B4DF4C76}.Debug|Any CPU.ActiveCfg = Debug|Any CPU
		{6368B434-C337-4B58-9CF2-0607B4DF4C76}.Debug|Any CPU.Build.0 = Debug|Any CPU
		{6368B434-C337-4B58-9CF2-0607B4DF4C76}.Release|Any CPU.ActiveCfg = Release|Any CPU
		{6368B434-C337-4B58-9CF2-0607B4DF4C76}.Release|Any CPU.Build.0 = Release|Any CPU
		{ACA70B3D-049C-487D-98D4-F5B4982AA489}.Debug|Any CPU.ActiveCfg = Debug|Any CPU
		{ACA70B3D-049C-487D-98D4-F5B4982AA489}.Debug|Any CPU.Build.0 = Debug|Any CPU
		{ACA70B3D-049C-487D-98D4-F5B4982AA489}.Release|Any CPU.ActiveCfg = Release|Any CPU
		{ACA70B3D-049C-487D-98D4-F5B4982AA489}.Release|Any CPU.Build.0 = Release|Any CPU
		{4C51516A-4177-4A08-A99F-7784EFC45E4F}.Debug|Any CPU.ActiveCfg = Debug|Any CPU
		{4C51516A-4177-4A08-A99F-7784EFC45E4F}.Debug|Any CPU.Build.0 = Debug|Any CPU
		{4C51516A-4177-4A08-A99F-7784EFC45E4F}.Release|Any CPU.ActiveCfg = Release|Any CPU
		{4C51516A-4177-4A08-A99F-7784EFC45E4F}.Release|Any CPU.Build.0 = Release|Any CPU
		{D8E049AB-FAC7-4AD7-A568-C2122DEB0452}.Debug|Any CPU.ActiveCfg = Debug|Any CPU
		{D8E049AB-FAC7-4AD7-A568-C2122DEB0452}.Debug|Any CPU.Build.0 = Debug|Any CPU
		{D8E049AB-FAC7-4AD7-A568-C2122DEB0452}.Release|Any CPU.ActiveCfg = Release|Any CPU
		{D8E049AB-FAC7-4AD7-A568-C2122DEB0452}.Release|Any CPU.Build.0 = Release|Any CPU
		{0B16D819-4E7D-404C-A8F3-36B1D524CD4F}.Debug|Any CPU.ActiveCfg = Debug|Any CPU
		{0B16D819-4E7D-404C-A8F3-36B1D524CD4F}.Debug|Any CPU.Build.0 = Debug|Any CPU
		{0B16D819-4E7D-404C-A8F3-36B1D524CD4F}.Release|Any CPU.ActiveCfg = Release|Any CPU
		{0B16D819-4E7D-404C-A8F3-36B1D524CD4F}.Release|Any CPU.Build.0 = Release|Any CPU
		{BE8EF39C-08F6-4785-8755-0E95DD9ED52C}.Debug|Any CPU.ActiveCfg = Debug|Any CPU
		{BE8EF39C-08F6-4785-8755-0E95DD9ED52C}.Debug|Any CPU.Build.0 = Debug|Any CPU
		{BE8EF39C-08F6-4785-8755-0E95DD9ED52C}.Release|Any CPU.ActiveCfg = Release|Any CPU
		{BE8EF39C-08F6-4785-8755-0E95DD9ED52C}.Release|Any CPU.Build.0 = Release|Any CPU
	EndGlobalSection
	GlobalSection(SolutionProperties) = preSolution
		HideSolutionNode = FALSE
	EndGlobalSection
	GlobalSection(NestedProjects) = preSolution
		{73694733-01C4-4E63-9529-90AE58605AF6} = {E3A4CDAA-7F7E-4DD5-B258-2002A56ABBAA}
		{84229D71-A05A-4B1B-B67B-64C26F7A08F2} = {E3A4CDAA-7F7E-4DD5-B258-2002A56ABBAA}
		{E50FAA18-522C-409F-A286-5927C0A90BBD} = {921AD79F-BE8B-4183-BCED-342D80ED5189}
		{05E64FC8-DB3A-4617-8ADA-0A5AC9E6D1FB} = {E3A4CDAA-7F7E-4DD5-B258-2002A56ABBAA}
		{9993C4B5-FE7A-4876-A853-38D5ADADE707} = {E3A4CDAA-7F7E-4DD5-B258-2002A56ABBAA}
		{6368B434-C337-4B58-9CF2-0607B4DF4C76} = {921AD79F-BE8B-4183-BCED-342D80ED5189}
		{4C51516A-4177-4A08-A99F-7784EFC45E4F} = {E3A4CDAA-7F7E-4DD5-B258-2002A56ABBAA}
		{D8E049AB-FAC7-4AD7-A568-C2122DEB0452} = {E3A4CDAA-7F7E-4DD5-B258-2002A56ABBAA}
		{0B16D819-4E7D-404C-A8F3-36B1D524CD4F} = {E3A4CDAA-7F7E-4DD5-B258-2002A56ABBAA}
		{BE8EF39C-08F6-4785-8755-0E95DD9ED52C} = {921AD79F-BE8B-4183-BCED-342D80ED5189}
	EndGlobalSection
	GlobalSection(ExtensibilityGlobals) = postSolution
		SolutionGuid = {5937CAFD-0812-4C83-85BC-67A9B799CA5A}
	EndGlobalSection
EndGlobal
